
Microsoft Visual Studio Solution File, Format Version 12.00
# Visual Studio Version 17
VisualStudioVersion = 17.0.31903.59
MinimumVisualStudioVersion = 10.0.40219.1
Project("{FAE04EC0-301F-11D3-BF4B-00C04F79EFBC}") = "Farm.Web.Api", "api\Farm.Web.Api.csproj", "{D8B2725B-0351-49B0-A728-415AC2030F4B}"
EndProject
Project("{FAE04EC0-301F-11D3-BF4B-00C04F79EFBC}") = "Farm.Shared.Discovery", "discovery\Farm.Shared.Discovery.csproj", "{FC12AB34-5678-9ABC-DEF0-123456789ABC}"
EndProject
Project("{FAE04EC0-301F-11D3-BF4B-00C04F79EFBC}") = "Farm.OrcaSlicer.Worker", "orcaslicer-worker\Farm.OrcaSlicer.Worker.csproj", "{A7A0E9F5-4D43-4B5E-B9B8-6D4C0E0C1234}"
EndProject
Project("{FAE04EC0-301F-11D3-BF4B-00C04F79EFBC}") = "Farm.Slicer.Worker.Core", "worker-shared\Farm.Slicer.Worker.Core.csproj", "{12345678-90AB-CDEF-1234-567890ABCDEF}"
EndProject
Project("{FAE04EC0-301F-11D3-BF4B-00C04F79EFBC}") = "Farm.Infrastructure", "infra\Farm.Infrastructure.csproj", "{36B25794-13E7-49D1-AC1E-4869490CBEFE}"
EndProject
Project("{FAE04EC0-301F-11D3-BF4B-00C04F79EFBC}") = "AdminCli", "tools\AdminCli\AdminCli.csproj", "{ABCDEF12-3456-7890-ABCD-EF1234567890}"
EndProject
Project("{FAE04EC0-301F-11D3-BF4B-00C04F79EFBC}") = "IconGen", "tools\IconGen\IconGen.csproj", "{0A1B2C3D-4E5F-6789-0ABC-DEF123456789}"
EndProject
Project("{FAE04EC0-301F-11D3-BF4B-00C04F79EFBC}") = "Farm.Web.Api.Tests", "tests\Farm.Web.Api.Tests\Farm.Web.Api.Tests.csproj", "{D83EEE3B-D3EC-4852-8DC1-7B7887BCF7FE}"
EndProject
Project("{2150E333-8FDC-42A3-9474-1A3956D46DE8}") = "tests", "tests", "{0AB3BF05-4346-4AA6-1389-037BE0695223}"
EndProject
Project("{2150E333-8FDC-42A3-9474-1A3956D46DE8}") = "printer-discovery", "printer-discovery", "{879D5CB9-D332-E6B1-4604-5EE421A063E0}"
EndProject
Project("{FAE04EC0-301F-11D3-BF4B-00C04F79EFBC}") = "PrinterDiscoveryService", "printer-discovery\PrinterDiscoveryService.csproj", "{21FDFBDF-145C-4D6D-8284-F04EB1754880}"
EndProject
Project("{2150E333-8FDC-42A3-9474-1A3956D46DE8}") = "backends", "backends", "{A1B2C3D4-E5F6-7890-ABCD-EF1234567890}"
EndProject
Project("{FAE04EC0-301F-11D3-BF4B-00C04F79EFBC}") = "Farm.Backend.Plugin.Core", "backends\Farm.Backend.Plugin.Core\Farm.Backend.Plugin.Core.csproj", "{B2C3D4E5-F6A7-B8C9-D0E1-F2A3B4C5D6E7}"
EndProject
Project("{FAE04EC0-301F-11D3-BF4B-00C04F79EFBC}") = "Farm.Backend.Plugin.Moonraker", "backends\Farm.Backend.Plugin.Moonraker\Farm.Backend.Plugin.Moonraker.csproj", "{C3D4E5F6-A7B8-C9D0-E1F2-A3B4C5D6E7F8}"
EndProject
Project("{FAE04EC0-301F-11D3-BF4B-00C04F79EFBC}") = "Farm.Backend.Plugin.OctoPrint", "backends\Farm.Backend.Plugin.OctoPrint\Farm.Backend.Plugin.OctoPrint.csproj", "{D4E5F6A7-B8C9-D0E1-F2A3-B4C5D6E7F8A9}"
EndProject
Project("{FAE04EC0-301F-11D3-BF4B-00C04F79EFBC}") = "Farm.Backend.Plugin.PrusaLink", "backends\Farm.Backend.Plugin.PrusaLink\Farm.Backend.Plugin.PrusaLink.csproj", "{E5F6A7B8-C9D0-E1F2-A3B4-C5D6E7F8A9B0}"
EndProject
Project("{FAE04EC0-301F-11D3-BF4B-00C04F79EFBC}") = "Farm.Backend.Plugin.Sdcp", "backends\Farm.Backend.Plugin.Sdcp\Farm.Backend.Plugin.Sdcp.csproj", "{F6A7B8C9-D0E1-F2A3-B4C5-D6E7F8A9B0C1}"
EndProject
Project("{2150E333-8FDC-42A3-9474-1A3956D46DE8}") = "tools", "tools", "{07C2787E-EAC7-C090-1BA3-A61EC2A24D84}"
EndProject
Project("{FAE04EC0-301F-11D3-BF4B-00C04F79EFBC}") = "ThumbnailCli", "tools\ThumbnailCli\ThumbnailCli.csproj", "{10D33A64-E071-488B-AE00-95E8EDA67C51}"
EndProject
Project("{2150E333-8FDC-42A3-9474-1A3956D46DE8}") = "migrations", "migrations", "{D4C4D1C2-DE9C-AF20-17FD-0A3EB2BFD436}"
EndProject
Project("{FAE04EC0-301F-11D3-BF4B-00C04F79EFBC}") = "Farm.Migrations.PostgreSQL", "migrations\Farm.Migrations.PostgreSQL\Farm.Migrations.PostgreSQL.csproj", "{87D477EF-C3BC-4299-B61F-3D79ECAD993E}"
EndProject
Project("{2150E333-8FDC-42A3-9474-1A3956D46DE8}") = "infra", "infra", "{30258541-D0D8-F3FD-D559-E63D6BF074C2}"
EndProject
Project("{FAE04EC0-301F-11D3-BF4B-00C04F79EFBC}") = "Farm.Migrations.SqlServer", "migrations\Farm.Migrations.SqlServer\Farm.Migrations.SqlServer.csproj", "{1B6D7F38-563B-436C-9E00-5EE94E0E6F4A}"
EndProject
Project("{2150E333-8FDC-42A3-9474-1A3956D46DE8}") = "import", "import", "{BE470905-41A0-9C20-7CED-F968B6B551E9}"
EndProject
Project("{FAE04EC0-301F-11D3-BF4B-00C04F79EFBC}") = "Farm.Importing", "import\Farm.Importing.csproj", "{A76EAF9A-9B0E-4925-A794-2CF8D7538130}"
EndProject
Project("{2150E333-8FDC-42A3-9474-1A3956D46DE8}") = "Slicers", "Slicers", "{6CE7513A-3D9F-5C79-287C-470F53A81C6E}"
EndProject
Project("{FAE04EC0-301F-11D3-BF4B-00C04F79EFBC}") = "Farm.Slicers.OrcaSlicer.v2_3_1", "Slicers\Farm.Slicers.OrcaSlicer.v2_3_1\Farm.Slicers.OrcaSlicer.v2_3_1.csproj", "{5B243D1E-E62B-4BD3-A2E4-8C77F17F8B5E}"
EndProject
Project("{2150E333-8FDC-42A3-9474-1A3956D46DE8}") = "slicer", "slicer", "{E34191D6-EE5B-7B1D-025F-EDB47609777D}"
EndProject
Project("{FAE04EC0-301F-11D3-BF4B-00C04F79EFBC}") = "Farm.Slicer.Module", "slicer\Farm.Slicer.Module\Farm.Slicer.Module.csproj", "{BB63C7F2-787E-40F0-A962-25DF58803026}"
EndProject
Project("{FAE04EC0-301F-11D3-BF4B-00C04F79EFBC}") = "Farm.Slicer.Module.Api", "slicer\Farm.Slicer.Module.Api\Farm.Slicer.Module.Api.csproj", "{9EC583F0-E220-476B-A7C4-BADAC282AEC9}"
EndProject
Project("{FAE04EC0-301F-11D3-BF4B-00C04F79EFBC}") = "Farm.Slicer.Migrations.PostgreSQL", "migrations\Farm.Slicer.Migrations.PostgreSQL\Farm.Slicer.Migrations.PostgreSQL.csproj", "{FC9050CE-C5BB-4013-B200-0942CE917E83}"
EndProject
Project("{FAE04EC0-301F-11D3-BF4B-00C04F79EFBC}") = "Farm.Slicer.Migrations.SqlServer", "migrations\Farm.Slicer.Migrations.SqlServer\Farm.Slicer.Migrations.SqlServer.csproj", "{E995CE2A-4E6B-4598-A2F5-CB26E4C49B64}"
EndProject
Project("{FAE04EC0-301F-11D3-BF4B-00C04F79EFBC}") = "Farm.Slicer.Module.Tests", "tests\Farm.Slicer.Module.Tests\Farm.Slicer.Module.Tests.csproj", "{BE67C667-C916-4ABD-8D00-0C838F614DE7}"
EndProject
Project("{2150E333-8FDC-42A3-9474-1A3956D46DE8}") = "api", "api", "{D82C56D6-B2CD-F611-9E31-04638F7EC30E}"
EndProject
Global
	GlobalSection(SolutionConfigurationPlatforms) = preSolution
		Debug|Any CPU = Debug|Any CPU
		Debug|x64 = Debug|x64
		Debug|x86 = Debug|x86
		Release|Any CPU = Release|Any CPU
		Release|x64 = Release|x64
		Release|x86 = Release|x86
	EndGlobalSection
	GlobalSection(ProjectConfigurationPlatforms) = postSolution
		{D8B2725B-0351-49B0-A728-415AC2030F4B}.Debug|Any CPU.ActiveCfg = Debug|Any CPU
		{D8B2725B-0351-49B0-A728-415AC2030F4B}.Debug|Any CPU.Build.0 = Debug|Any CPU
		{D8B2725B-0351-49B0-A728-415AC2030F4B}.Debug|x64.ActiveCfg = Debug|Any CPU
		{D8B2725B-0351-49B0-A728-415AC2030F4B}.Debug|x64.Build.0 = Debug|Any CPU
		{D8B2725B-0351-49B0-A728-415AC2030F4B}.Debug|x86.ActiveCfg = Debug|Any CPU
		{D8B2725B-0351-49B0-A728-415AC2030F4B}.Debug|x86.Build.0 = Debug|Any CPU
		{D8B2725B-0351-49B0-A728-415AC2030F4B}.Release|Any CPU.ActiveCfg = Release|Any CPU
		{D8B2725B-0351-49B0-A728-415AC2030F4B}.Release|Any CPU.Build.0 = Release|Any CPU
		{D8B2725B-0351-49B0-A728-415AC2030F4B}.Release|x64.ActiveCfg = Release|Any CPU
		{D8B2725B-0351-49B0-A728-415AC2030F4B}.Release|x64.Build.0 = Release|Any CPU
		{D8B2725B-0351-49B0-A728-415AC2030F4B}.Release|x86.ActiveCfg = Release|Any CPU
		{D8B2725B-0351-49B0-A728-415AC2030F4B}.Release|x86.Build.0 = Release|Any CPU
		{FC12AB34-5678-9ABC-DEF0-123456789ABC}.Debug|Any CPU.ActiveCfg = Debug|Any CPU
		{FC12AB34-5678-9ABC-DEF0-123456789ABC}.Debug|Any CPU.Build.0 = Debug|Any CPU
		{FC12AB34-5678-9ABC-DEF0-123456789ABC}.Debug|x64.ActiveCfg = Debug|Any CPU
		{FC12AB34-5678-9ABC-DEF0-123456789ABC}.Debug|x64.Build.0 = Debug|Any CPU
		{FC12AB34-5678-9ABC-DEF0-123456789ABC}.Debug|x86.ActiveCfg = Debug|Any CPU
		{FC12AB34-5678-9ABC-DEF0-123456789ABC}.Debug|x86.Build.0 = Debug|Any CPU
		{FC12AB34-5678-9ABC-DEF0-123456789ABC}.Release|Any CPU.ActiveCfg = Release|Any CPU
		{FC12AB34-5678-9ABC-DEF0-123456789ABC}.Release|Any CPU.Build.0 = Release|Any CPU
		{FC12AB34-5678-9ABC-DEF0-123456789ABC}.Release|x64.ActiveCfg = Release|Any CPU
		{FC12AB34-5678-9ABC-DEF0-123456789ABC}.Release|x64.Build.0 = Release|Any CPU
		{FC12AB34-5678-9ABC-DEF0-123456789ABC}.Release|x86.ActiveCfg = Release|Any CPU
		{FC12AB34-5678-9ABC-DEF0-123456789ABC}.Release|x86.Build.0 = Release|Any CPU
		{A7A0E9F5-4D43-4B5E-B9B8-6D4C0E0C1234}.Debug|Any CPU.ActiveCfg = Debug|Any CPU
		{A7A0E9F5-4D43-4B5E-B9B8-6D4C0E0C1234}.Debug|Any CPU.Build.0 = Debug|Any CPU
		{A7A0E9F5-4D43-4B5E-B9B8-6D4C0E0C1234}.Debug|x64.ActiveCfg = Debug|Any CPU
		{A7A0E9F5-4D43-4B5E-B9B8-6D4C0E0C1234}.Debug|x64.Build.0 = Debug|Any CPU
		{A7A0E9F5-4D43-4B5E-B9B8-6D4C0E0C1234}.Debug|x86.ActiveCfg = Debug|Any CPU
		{A7A0E9F5-4D43-4B5E-B9B8-6D4C0E0C1234}.Debug|x86.Build.0 = Debug|Any CPU
		{A7A0E9F5-4D43-4B5E-B9B8-6D4C0E0C1234}.Release|Any CPU.ActiveCfg = Release|Any CPU
		{A7A0E9F5-4D43-4B5E-B9B8-6D4C0E0C1234}.Release|Any CPU.Build.0 = Release|Any CPU
		{A7A0E9F5-4D43-4B5E-B9B8-6D4C0E0C1234}.Release|x64.ActiveCfg = Release|Any CPU
		{A7A0E9F5-4D43-4B5E-B9B8-6D4C0E0C1234}.Release|x64.Build.0 = Release|Any CPU
		{A7A0E9F5-4D43-4B5E-B9B8-6D4C0E0C1234}.Release|x86.ActiveCfg = Release|Any CPU
		{A7A0E9F5-4D43-4B5E-B9B8-6D4C0E0C1234}.Release|x86.Build.0 = Release|Any CPU
		{12345678-90AB-CDEF-1234-567890ABCDEF}.Debug|Any CPU.ActiveCfg = Debug|Any CPU
		{12345678-90AB-CDEF-1234-567890ABCDEF}.Debug|Any CPU.Build.0 = Debug|Any CPU
		{12345678-90AB-CDEF-1234-567890ABCDEF}.Debug|x64.ActiveCfg = Debug|Any CPU
		{12345678-90AB-CDEF-1234-567890ABCDEF}.Debug|x64.Build.0 = Debug|Any CPU
		{12345678-90AB-CDEF-1234-567890ABCDEF}.Debug|x86.ActiveCfg = Debug|Any CPU
		{12345678-90AB-CDEF-1234-567890ABCDEF}.Debug|x86.Build.0 = Debug|Any CPU
		{12345678-90AB-CDEF-1234-567890ABCDEF}.Release|Any CPU.ActiveCfg = Release|Any CPU
		{12345678-90AB-CDEF-1234-567890ABCDEF}.Release|Any CPU.Build.0 = Release|Any CPU
		{12345678-90AB-CDEF-1234-567890ABCDEF}.Release|x64.ActiveCfg = Release|Any CPU
		{12345678-90AB-CDEF-1234-567890ABCDEF}.Release|x64.Build.0 = Release|Any CPU
		{12345678-90AB-CDEF-1234-567890ABCDEF}.Release|x86.ActiveCfg = Release|Any CPU
		{12345678-90AB-CDEF-1234-567890ABCDEF}.Release|x86.Build.0 = Release|Any CPU
		{36B25794-13E7-49D1-AC1E-4869490CBEFE}.Debug|Any CPU.ActiveCfg = Debug|Any CPU
		{36B25794-13E7-49D1-AC1E-4869490CBEFE}.Debug|Any CPU.Build.0 = Debug|Any CPU
		{36B25794-13E7-49D1-AC1E-4869490CBEFE}.Debug|x64.ActiveCfg = Debug|Any CPU
		{36B25794-13E7-49D1-AC1E-4869490CBEFE}.Debug|x64.Build.0 = Debug|Any CPU
		{36B25794-13E7-49D1-AC1E-4869490CBEFE}.Debug|x86.ActiveCfg = Debug|Any CPU
		{36B25794-13E7-49D1-AC1E-4869490CBEFE}.Debug|x86.Build.0 = Debug|Any CPU
		{36B25794-13E7-49D1-AC1E-4869490CBEFE}.Release|Any CPU.ActiveCfg = Release|Any CPU
		{36B25794-13E7-49D1-AC1E-4869490CBEFE}.Release|Any CPU.Build.0 = Release|Any CPU
		{36B25794-13E7-49D1-AC1E-4869490CBEFE}.Release|x64.ActiveCfg = Release|Any CPU
		{36B25794-13E7-49D1-AC1E-4869490CBEFE}.Release|x64.Build.0 = Release|Any CPU
		{36B25794-13E7-49D1-AC1E-4869490CBEFE}.Release|x86.ActiveCfg = Release|Any CPU
		{36B25794-13E7-49D1-AC1E-4869490CBEFE}.Release|x86.Build.0 = Release|Any CPU
		{ABCDEF12-3456-7890-ABCD-EF1234567890}.Debug|Any CPU.ActiveCfg = Debug|Any CPU
		{ABCDEF12-3456-7890-ABCD-EF1234567890}.Debug|Any CPU.Build.0 = Debug|Any CPU
		{ABCDEF12-3456-7890-ABCD-EF1234567890}.Debug|x64.ActiveCfg = Debug|Any CPU
		{ABCDEF12-3456-7890-ABCD-EF1234567890}.Debug|x64.Build.0 = Debug|Any CPU
		{ABCDEF12-3456-7890-ABCD-EF1234567890}.Debug|x86.ActiveCfg = Debug|Any CPU
		{ABCDEF12-3456-7890-ABCD-EF1234567890}.Debug|x86.Build.0 = Debug|Any CPU
		{ABCDEF12-3456-7890-ABCD-EF1234567890}.Release|Any CPU.ActiveCfg = Release|Any CPU
		{ABCDEF12-3456-7890-ABCD-EF1234567890}.Release|Any CPU.Build.0 = Release|Any CPU
		{ABCDEF12-3456-7890-ABCD-EF1234567890}.Release|x64.ActiveCfg = Release|Any CPU
		{ABCDEF12-3456-7890-ABCD-EF1234567890}.Release|x64.Build.0 = Release|Any CPU
		{ABCDEF12-3456-7890-ABCD-EF1234567890}.Release|x86.ActiveCfg = Release|Any CPU
		{ABCDEF12-3456-7890-ABCD-EF1234567890}.Release|x86.Build.0 = Release|Any CPU
		{0A1B2C3D-4E5F-6789-0ABC-DEF123456789}.Debug|Any CPU.ActiveCfg = Debug|Any CPU
		{0A1B2C3D-4E5F-6789-0ABC-DEF123456789}.Debug|Any CPU.Build.0 = Debug|Any CPU
		{0A1B2C3D-4E5F-6789-0ABC-DEF123456789}.Debug|x64.ActiveCfg = Debug|Any CPU
		{0A1B2C3D-4E5F-6789-0ABC-DEF123456789}.Debug|x64.Build.0 = Debug|Any CPU
		{0A1B2C3D-4E5F-6789-0ABC-DEF123456789}.Debug|x86.ActiveCfg = Debug|Any CPU
		{0A1B2C3D-4E5F-6789-0ABC-DEF123456789}.Debug|x86.Build.0 = Debug|Any CPU
		{0A1B2C3D-4E5F-6789-0ABC-DEF123456789}.Release|Any CPU.ActiveCfg = Release|Any CPU
		{0A1B2C3D-4E5F-6789-0ABC-DEF123456789}.Release|Any CPU.Build.0 = Release|Any CPU
		{0A1B2C3D-4E5F-6789-0ABC-DEF123456789}.Release|x64.ActiveCfg = Release|Any CPU
		{0A1B2C3D-4E5F-6789-0ABC-DEF123456789}.Release|x64.Build.0 = Release|Any CPU
		{0A1B2C3D-4E5F-6789-0ABC-DEF123456789}.Release|x86.ActiveCfg = Release|Any CPU
		{0A1B2C3D-4E5F-6789-0ABC-DEF123456789}.Release|x86.Build.0 = Release|Any CPU
		{D83EEE3B-D3EC-4852-8DC1-7B7887BCF7FE}.Debug|Any CPU.ActiveCfg = Debug|Any CPU
		{D83EEE3B-D3EC-4852-8DC1-7B7887BCF7FE}.Debug|Any CPU.Build.0 = Debug|Any CPU
		{D83EEE3B-D3EC-4852-8DC1-7B7887BCF7FE}.Debug|x64.ActiveCfg = Debug|Any CPU
		{D83EEE3B-D3EC-4852-8DC1-7B7887BCF7FE}.Debug|x64.Build.0 = Debug|Any CPU
		{D83EEE3B-D3EC-4852-8DC1-7B7887BCF7FE}.Debug|x86.ActiveCfg = Debug|Any CPU
		{D83EEE3B-D3EC-4852-8DC1-7B7887BCF7FE}.Debug|x86.Build.0 = Debug|Any CPU
		{D83EEE3B-D3EC-4852-8DC1-7B7887BCF7FE}.Release|Any CPU.ActiveCfg = Release|Any CPU
		{D83EEE3B-D3EC-4852-8DC1-7B7887BCF7FE}.Release|Any CPU.Build.0 = Release|Any CPU
		{D83EEE3B-D3EC-4852-8DC1-7B7887BCF7FE}.Release|x64.ActiveCfg = Release|Any CPU
		{D83EEE3B-D3EC-4852-8DC1-7B7887BCF7FE}.Release|x64.Build.0 = Release|Any CPU
		{D83EEE3B-D3EC-4852-8DC1-7B7887BCF7FE}.Release|x86.ActiveCfg = Release|Any CPU
		{D83EEE3B-D3EC-4852-8DC1-7B7887BCF7FE}.Release|x86.Build.0 = Release|Any CPU
		{21FDFBDF-145C-4D6D-8284-F04EB1754880}.Debug|Any CPU.ActiveCfg = Debug|Any CPU
		{21FDFBDF-145C-4D6D-8284-F04EB1754880}.Debug|Any CPU.Build.0 = Debug|Any CPU
		{21FDFBDF-145C-4D6D-8284-F04EB1754880}.Debug|x64.ActiveCfg = Debug|Any CPU
		{21FDFBDF-145C-4D6D-8284-F04EB1754880}.Debug|x64.Build.0 = Debug|Any CPU
		{21FDFBDF-145C-4D6D-8284-F04EB1754880}.Debug|x86.ActiveCfg = Debug|Any CPU
		{21FDFBDF-145C-4D6D-8284-F04EB1754880}.Debug|x86.Build.0 = Debug|Any CPU
		{21FDFBDF-145C-4D6D-8284-F04EB1754880}.Release|Any CPU.ActiveCfg = Release|Any CPU
		{21FDFBDF-145C-4D6D-8284-F04EB1754880}.Release|Any CPU.Build.0 = Release|Any CPU
		{21FDFBDF-145C-4D6D-8284-F04EB1754880}.Release|x64.ActiveCfg = Release|Any CPU
		{21FDFBDF-145C-4D6D-8284-F04EB1754880}.Release|x64.Build.0 = Release|Any CPU
		{21FDFBDF-145C-4D6D-8284-F04EB1754880}.Release|x86.ActiveCfg = Release|Any CPU
		{21FDFBDF-145C-4D6D-8284-F04EB1754880}.Release|x86.Build.0 = Release|Any CPU
		{B2C3D4E5-F6A7-B8C9-D0E1-F2A3B4C5D6E7}.Debug|Any CPU.ActiveCfg = Debug|Any CPU
		{B2C3D4E5-F6A7-B8C9-D0E1-F2A3B4C5D6E7}.Debug|Any CPU.Build.0 = Debug|Any CPU
		{B2C3D4E5-F6A7-B8C9-D0E1-F2A3B4C5D6E7}.Debug|x64.ActiveCfg = Debug|Any CPU
		{B2C3D4E5-F6A7-B8C9-D0E1-F2A3B4C5D6E7}.Debug|x64.Build.0 = Debug|Any CPU
		{B2C3D4E5-F6A7-B8C9-D0E1-F2A3B4C5D6E7}.Debug|x86.ActiveCfg = Debug|Any CPU
		{B2C3D4E5-F6A7-B8C9-D0E1-F2A3B4C5D6E7}.Debug|x86.Build.0 = Debug|Any CPU
		{B2C3D4E5-F6A7-B8C9-D0E1-F2A3B4C5D6E7}.Release|Any CPU.ActiveCfg = Release|Any CPU
		{B2C3D4E5-F6A7-B8C9-D0E1-F2A3B4C5D6E7}.Release|Any CPU.Build.0 = Release|Any CPU
		{B2C3D4E5-F6A7-B8C9-D0E1-F2A3B4C5D6E7}.Release|x64.ActiveCfg = Release|Any CPU
		{B2C3D4E5-F6A7-B8C9-D0E1-F2A3B4C5D6E7}.Release|x64.Build.0 = Release|Any CPU
		{B2C3D4E5-F6A7-B8C9-D0E1-F2A3B4C5D6E7}.Release|x86.ActiveCfg = Release|Any CPU
		{B2C3D4E5-F6A7-B8C9-D0E1-F2A3B4C5D6E7}.Release|x86.Build.0 = Release|Any CPU
		{C3D4E5F6-A7B8-C9D0-E1F2-A3B4C5D6E7F8}.Debug|Any CPU.ActiveCfg = Debug|Any CPU
		{C3D4E5F6-A7B8-C9D0-E1F2-A3B4C5D6E7F8}.Debug|Any CPU.Build.0 = Debug|Any CPU
		{C3D4E5F6-A7B8-C9D0-E1F2-A3B4C5D6E7F8}.Debug|x64.ActiveCfg = Debug|Any CPU
		{C3D4E5F6-A7B8-C9D0-E1F2-A3B4C5D6E7F8}.Debug|x64.Build.0 = Debug|Any CPU
		{C3D4E5F6-A7B8-C9D0-E1F2-A3B4C5D6E7F8}.Debug|x86.ActiveCfg = Debug|Any CPU
		{C3D4E5F6-A7B8-C9D0-E1F2-A3B4C5D6E7F8}.Debug|x86.Build.0 = Debug|Any CPU
		{C3D4E5F6-A7B8-C9D0-E1F2-A3B4C5D6E7F8}.Release|Any CPU.ActiveCfg = Release|Any CPU
		{C3D4E5F6-A7B8-C9D0-E1F2-A3B4C5D6E7F8}.Release|Any CPU.Build.0 = Release|Any CPU
		{C3D4E5F6-A7B8-C9D0-E1F2-A3B4C5D6E7F8}.Release|x64.ActiveCfg = Release|Any CPU
		{C3D4E5F6-A7B8-C9D0-E1F2-A3B4C5D6E7F8}.Release|x64.Build.0 = Release|Any CPU
		{C3D4E5F6-A7B8-C9D0-E1F2-A3B4C5D6E7F8}.Release|x86.ActiveCfg = Release|Any CPU
		{C3D4E5F6-A7B8-C9D0-E1F2-A3B4C5D6E7F8}.Release|x86.Build.0 = Release|Any CPU
		{D4E5F6A7-B8C9-D0E1-F2A3-B4C5D6E7F8A9}.Debug|Any CPU.ActiveCfg = Debug|Any CPU
		{D4E5F6A7-B8C9-D0E1-F2A3-B4C5D6E7F8A9}.Debug|Any CPU.Build.0 = Debug|Any CPU
		{D4E5F6A7-B8C9-D0E1-F2A3-B4C5D6E7F8A9}.Debug|x64.ActiveCfg = Debug|Any CPU
		{D4E5F6A7-B8C9-D0E1-F2A3-B4C5D6E7F8A9}.Debug|x64.Build.0 = Debug|Any CPU
		{D4E5F6A7-B8C9-D0E1-F2A3-B4C5D6E7F8A9}.Debug|x86.ActiveCfg = Debug|Any CPU
		{D4E5F6A7-B8C9-D0E1-F2A3-B4C5D6E7F8A9}.Debug|x86.Build.0 = Debug|Any CPU
		{D4E5F6A7-B8C9-D0E1-F2A3-B4C5D6E7F8A9}.Release|Any CPU.ActiveCfg = Release|Any CPU
		{D4E5F6A7-B8C9-D0E1-F2A3-B4C5D6E7F8A9}.Release|Any CPU.Build.0 = Release|Any CPU
		{D4E5F6A7-B8C9-D0E1-F2A3-B4C5D6E7F8A9}.Release|x64.ActiveCfg = Release|Any CPU
		{D4E5F6A7-B8C9-D0E1-F2A3-B4C5D6E7F8A9}.Release|x64.Build.0 = Release|Any CPU
		{D4E5F6A7-B8C9-D0E1-F2A3-B4C5D6E7F8A9}.Release|x86.ActiveCfg = Release|Any CPU
		{D4E5F6A7-B8C9-D0E1-F2A3-B4C5D6E7F8A9}.Release|x86.Build.0 = Release|Any CPU
		{E5F6A7B8-C9D0-E1F2-A3B4-C5D6E7F8A9B0}.Debug|Any CPU.ActiveCfg = Debug|Any CPU
		{E5F6A7B8-C9D0-E1F2-A3B4-C5D6E7F8A9B0}.Debug|Any CPU.Build.0 = Debug|Any CPU
		{E5F6A7B8-C9D0-E1F2-A3B4-C5D6E7F8A9B0}.Debug|x64.ActiveCfg = Debug|Any CPU
		{E5F6A7B8-C9D0-E1F2-A3B4-C5D6E7F8A9B0}.Debug|x64.Build.0 = Debug|Any CPU
		{E5F6A7B8-C9D0-E1F2-A3B4-C5D6E7F8A9B0}.Debug|x86.ActiveCfg = Debug|Any CPU
		{E5F6A7B8-C9D0-E1F2-A3B4-C5D6E7F8A9B0}.Debug|x86.Build.0 = Debug|Any CPU
		{E5F6A7B8-C9D0-E1F2-A3B4-C5D6E7F8A9B0}.Release|Any CPU.ActiveCfg = Release|Any CPU
		{E5F6A7B8-C9D0-E1F2-A3B4-C5D6E7F8A9B0}.Release|Any CPU.Build.0 = Release|Any CPU
		{E5F6A7B8-C9D0-E1F2-A3B4-C5D6E7F8A9B0}.Release|x64.ActiveCfg = Release|Any CPU
		{E5F6A7B8-C9D0-E1F2-A3B4-C5D6E7F8A9B0}.Release|x64.Build.0 = Release|Any CPU
		{E5F6A7B8-C9D0-E1F2-A3B4-C5D6E7F8A9B0}.Release|x86.ActiveCfg = Release|Any CPU
		{E5F6A7B8-C9D0-E1F2-A3B4-C5D6E7F8A9B0}.Release|x86.Build.0 = Release|Any CPU
		{F6A7B8C9-D0E1-F2A3-B4C5-D6E7F8A9B0C1}.Debug|Any CPU.ActiveCfg = Debug|Any CPU
		{F6A7B8C9-D0E1-F2A3-B4C5-D6E7F8A9B0C1}.Debug|Any CPU.Build.0 = Debug|Any CPU
		{F6A7B8C9-D0E1-F2A3-B4C5-D6E7F8A9B0C1}.Debug|x64.ActiveCfg = Debug|Any CPU
		{F6A7B8C9-D0E1-F2A3-B4C5-D6E7F8A9B0C1}.Debug|x64.Build.0 = Debug|Any CPU
		{F6A7B8C9-D0E1-F2A3-B4C5-D6E7F8A9B0C1}.Debug|x86.ActiveCfg = Debug|Any CPU
		{F6A7B8C9-D0E1-F2A3-B4C5-D6E7F8A9B0C1}.Debug|x86.Build.0 = Debug|Any CPU
		{F6A7B8C9-D0E1-F2A3-B4C5-D6E7F8A9B0C1}.Release|Any CPU.ActiveCfg = Release|Any CPU
		{F6A7B8C9-D0E1-F2A3-B4C5-D6E7F8A9B0C1}.Release|Any CPU.Build.0 = Release|Any CPU
		{F6A7B8C9-D0E1-F2A3-B4C5-D6E7F8A9B0C1}.Release|x64.ActiveCfg = Release|Any CPU
		{F6A7B8C9-D0E1-F2A3-B4C5-D6E7F8A9B0C1}.Release|x64.Build.0 = Release|Any CPU
		{F6A7B8C9-D0E1-F2A3-B4C5-D6E7F8A9B0C1}.Release|x86.ActiveCfg = Release|Any CPU
		{F6A7B8C9-D0E1-F2A3-B4C5-D6E7F8A9B0C1}.Release|x86.Build.0 = Release|Any CPU
		{10D33A64-E071-488B-AE00-95E8EDA67C51}.Debug|Any CPU.ActiveCfg = Debug|Any CPU
		{10D33A64-E071-488B-AE00-95E8EDA67C51}.Debug|Any CPU.Build.0 = Debug|Any CPU
		{10D33A64-E071-488B-AE00-95E8EDA67C51}.Debug|x64.ActiveCfg = Debug|Any CPU
		{10D33A64-E071-488B-AE00-95E8EDA67C51}.Debug|x64.Build.0 = Debug|Any CPU
		{10D33A64-E071-488B-AE00-95E8EDA67C51}.Debug|x86.ActiveCfg = Debug|Any CPU
		{10D33A64-E071-488B-AE00-95E8EDA67C51}.Debug|x86.Build.0 = Debug|Any CPU
		{10D33A64-E071-488B-AE00-95E8EDA67C51}.Release|Any CPU.ActiveCfg = Release|Any CPU
		{10D33A64-E071-488B-AE00-95E8EDA67C51}.Release|Any CPU.Build.0 = Release|Any CPU
		{10D33A64-E071-488B-AE00-95E8EDA67C51}.Release|x64.ActiveCfg = Release|Any CPU
		{10D33A64-E071-488B-AE00-95E8EDA67C51}.Release|x64.Build.0 = Release|Any CPU
		{10D33A64-E071-488B-AE00-95E8EDA67C51}.Release|x86.ActiveCfg = Release|Any CPU
		{10D33A64-E071-488B-AE00-95E8EDA67C51}.Release|x86.Build.0 = Release|Any CPU
		{87D477EF-C3BC-4299-B61F-3D79ECAD993E}.Debug|Any CPU.ActiveCfg = Debug|Any CPU
		{87D477EF-C3BC-4299-B61F-3D79ECAD993E}.Debug|Any CPU.Build.0 = Debug|Any CPU
		{87D477EF-C3BC-4299-B61F-3D79ECAD993E}.Debug|x64.ActiveCfg = Debug|Any CPU
		{87D477EF-C3BC-4299-B61F-3D79ECAD993E}.Debug|x64.Build.0 = Debug|Any CPU
		{87D477EF-C3BC-4299-B61F-3D79ECAD993E}.Debug|x86.ActiveCfg = Debug|Any CPU
		{87D477EF-C3BC-4299-B61F-3D79ECAD993E}.Debug|x86.Build.0 = Debug|Any CPU
		{87D477EF-C3BC-4299-B61F-3D79ECAD993E}.Release|Any CPU.ActiveCfg = Release|Any CPU
		{87D477EF-C3BC-4299-B61F-3D79ECAD993E}.Release|Any CPU.Build.0 = Release|Any CPU
		{87D477EF-C3BC-4299-B61F-3D79ECAD993E}.Release|x64.ActiveCfg = Release|Any CPU
		{87D477EF-C3BC-4299-B61F-3D79ECAD993E}.Release|x64.Build.0 = Release|Any CPU
		{87D477EF-C3BC-4299-B61F-3D79ECAD993E}.Release|x86.ActiveCfg = Release|Any CPU
		{87D477EF-C3BC-4299-B61F-3D79ECAD993E}.Release|x86.Build.0 = Release|Any CPU
		{1B6D7F38-563B-436C-9E00-5EE94E0E6F4A}.Debug|Any CPU.ActiveCfg = Debug|Any CPU
		{1B6D7F38-563B-436C-9E00-5EE94E0E6F4A}.Debug|Any CPU.Build.0 = Debug|Any CPU
		{1B6D7F38-563B-436C-9E00-5EE94E0E6F4A}.Debug|x64.ActiveCfg = Debug|Any CPU
		{1B6D7F38-563B-436C-9E00-5EE94E0E6F4A}.Debug|x64.Build.0 = Debug|Any CPU
		{1B6D7F38-563B-436C-9E00-5EE94E0E6F4A}.Debug|x86.ActiveCfg = Debug|Any CPU
		{1B6D7F38-563B-436C-9E00-5EE94E0E6F4A}.Debug|x86.Build.0 = Debug|Any CPU
		{1B6D7F38-563B-436C-9E00-5EE94E0E6F4A}.Release|Any CPU.ActiveCfg = Release|Any CPU
		{1B6D7F38-563B-436C-9E00-5EE94E0E6F4A}.Release|Any CPU.Build.0 = Release|Any CPU
		{1B6D7F38-563B-436C-9E00-5EE94E0E6F4A}.Release|x64.ActiveCfg = Release|Any CPU
		{1B6D7F38-563B-436C-9E00-5EE94E0E6F4A}.Release|x64.Build.0 = Release|Any CPU
		{1B6D7F38-563B-436C-9E00-5EE94E0E6F4A}.Release|x86.ActiveCfg = Release|Any CPU
		{1B6D7F38-563B-436C-9E00-5EE94E0E6F4A}.Release|x86.Build.0 = Release|Any CPU
		{A76EAF9A-9B0E-4925-A794-2CF8D7538130}.Debug|Any CPU.ActiveCfg = Debug|Any CPU
		{A76EAF9A-9B0E-4925-A794-2CF8D7538130}.Debug|Any CPU.Build.0 = Debug|Any CPU
		{A76EAF9A-9B0E-4925-A794-2CF8D7538130}.Debug|x64.ActiveCfg = Debug|Any CPU
		{A76EAF9A-9B0E-4925-A794-2CF8D7538130}.Debug|x64.Build.0 = Debug|Any CPU
		{A76EAF9A-9B0E-4925-A794-2CF8D7538130}.Debug|x86.ActiveCfg = Debug|Any CPU
		{A76EAF9A-9B0E-4925-A794-2CF8D7538130}.Debug|x86.Build.0 = Debug|Any CPU
		{A76EAF9A-9B0E-4925-A794-2CF8D7538130}.Release|Any CPU.ActiveCfg = Release|Any CPU
		{A76EAF9A-9B0E-4925-A794-2CF8D7538130}.Release|Any CPU.Build.0 = Release|Any CPU
		{A76EAF9A-9B0E-4925-A794-2CF8D7538130}.Release|x64.ActiveCfg = Release|Any CPU
		{A76EAF9A-9B0E-4925-A794-2CF8D7538130}.Release|x64.Build.0 = Release|Any CPU
		{A76EAF9A-9B0E-4925-A794-2CF8D7538130}.Release|x86.ActiveCfg = Release|Any CPU
		{A76EAF9A-9B0E-4925-A794-2CF8D7538130}.Release|x86.Build.0 = Release|Any CPU
		{5B243D1E-E62B-4BD3-A2E4-8C77F17F8B5E}.Debug|Any CPU.ActiveCfg = Debug|Any CPU
		{5B243D1E-E62B-4BD3-A2E4-8C77F17F8B5E}.Debug|Any CPU.Build.0 = Debug|Any CPU
		{5B243D1E-E62B-4BD3-A2E4-8C77F17F8B5E}.Debug|x64.ActiveCfg = Debug|Any CPU
		{5B243D1E-E62B-4BD3-A2E4-8C77F17F8B5E}.Debug|x64.Build.0 = Debug|Any CPU
		{5B243D1E-E62B-4BD3-A2E4-8C77F17F8B5E}.Debug|x86.ActiveCfg = Debug|Any CPU
		{5B243D1E-E62B-4BD3-A2E4-8C77F17F8B5E}.Debug|x86.Build.0 = Debug|Any CPU
		{5B243D1E-E62B-4BD3-A2E4-8C77F17F8B5E}.Release|Any CPU.ActiveCfg = Release|Any CPU
		{5B243D1E-E62B-4BD3-A2E4-8C77F17F8B5E}.Release|Any CPU.Build.0 = Release|Any CPU
		{5B243D1E-E62B-4BD3-A2E4-8C77F17F8B5E}.Release|x64.ActiveCfg = Release|Any CPU
		{5B243D1E-E62B-4BD3-A2E4-8C77F17F8B5E}.Release|x64.Build.0 = Release|Any CPU
		{5B243D1E-E62B-4BD3-A2E4-8C77F17F8B5E}.Release|x86.ActiveCfg = Release|Any CPU
		{5B243D1E-E62B-4BD3-A2E4-8C77F17F8B5E}.Release|x86.Build.0 = Release|Any CPU
		{BB63C7F2-787E-40F0-A962-25DF58803026}.Debug|Any CPU.ActiveCfg = Debug|Any CPU
		{BB63C7F2-787E-40F0-A962-25DF58803026}.Debug|Any CPU.Build.0 = Debug|Any CPU
		{BB63C7F2-787E-40F0-A962-25DF58803026}.Debug|x64.ActiveCfg = Debug|Any CPU
		{BB63C7F2-787E-40F0-A962-25DF58803026}.Debug|x64.Build.0 = Debug|Any CPU
		{BB63C7F2-787E-40F0-A962-25DF58803026}.Debug|x86.ActiveCfg = Debug|Any CPU
		{BB63C7F2-787E-40F0-A962-25DF58803026}.Debug|x86.Build.0 = Debug|Any CPU
		{BB63C7F2-787E-40F0-A962-25DF58803026}.Release|Any CPU.ActiveCfg = Release|Any CPU
		{BB63C7F2-787E-40F0-A962-25DF58803026}.Release|Any CPU.Build.0 = Release|Any CPU
		{BB63C7F2-787E-40F0-A962-25DF58803026}.Release|x64.ActiveCfg = Release|Any CPU
		{BB63C7F2-787E-40F0-A962-25DF58803026}.Release|x64.Build.0 = Release|Any CPU
		{BB63C7F2-787E-40F0-A962-25DF58803026}.Release|x86.ActiveCfg = Release|Any CPU
		{BB63C7F2-787E-40F0-A962-25DF58803026}.Release|x86.Build.0 = Release|Any CPU
		{9EC583F0-E220-476B-A7C4-BADAC282AEC9}.Debug|Any CPU.ActiveCfg = Debug|Any CPU
		{9EC583F0-E220-476B-A7C4-BADAC282AEC9}.Debug|Any CPU.Build.0 = Debug|Any CPU
		{9EC583F0-E220-476B-A7C4-BADAC282AEC9}.Debug|x64.ActiveCfg = Debug|Any CPU
		{9EC583F0-E220-476B-A7C4-BADAC282AEC9}.Debug|x64.Build.0 = Debug|Any CPU
		{9EC583F0-E220-476B-A7C4-BADAC282AEC9}.Debug|x86.ActiveCfg = Debug|Any CPU
		{9EC583F0-E220-476B-A7C4-BADAC282AEC9}.Debug|x86.Build.0 = Debug|Any CPU
		{9EC583F0-E220-476B-A7C4-BADAC282AEC9}.Release|Any CPU.ActiveCfg = Release|Any CPU
		{9EC583F0-E220-476B-A7C4-BADAC282AEC9}.Release|Any CPU.Build.0 = Release|Any CPU
		{9EC583F0-E220-476B-A7C4-BADAC282AEC9}.Release|x64.ActiveCfg = Release|Any CPU
		{9EC583F0-E220-476B-A7C4-BADAC282AEC9}.Release|x64.Build.0 = Release|Any CPU
		{9EC583F0-E220-476B-A7C4-BADAC282AEC9}.Release|x86.ActiveCfg = Release|Any CPU
		{9EC583F0-E220-476B-A7C4-BADAC282AEC9}.Release|x86.Build.0 = Release|Any CPU
		{FC9050CE-C5BB-4013-B200-0942CE917E83}.Debug|Any CPU.ActiveCfg = Debug|Any CPU
		{FC9050CE-C5BB-4013-B200-0942CE917E83}.Debug|Any CPU.Build.0 = Debug|Any CPU
		{FC9050CE-C5BB-4013-B200-0942CE917E83}.Debug|x64.ActiveCfg = Debug|Any CPU
		{FC9050CE-C5BB-4013-B200-0942CE917E83}.Debug|x64.Build.0 = Debug|Any CPU
		{FC9050CE-C5BB-4013-B200-0942CE917E83}.Debug|x86.ActiveCfg = Debug|Any CPU
		{FC9050CE-C5BB-4013-B200-0942CE917E83}.Debug|x86.Build.0 = Debug|Any CPU
		{FC9050CE-C5BB-4013-B200-0942CE917E83}.Release|Any CPU.ActiveCfg = Release|Any CPU
		{FC9050CE-C5BB-4013-B200-0942CE917E83}.Release|Any CPU.Build.0 = Release|Any CPU
		{FC9050CE-C5BB-4013-B200-0942CE917E83}.Release|x64.ActiveCfg = Release|Any CPU
		{FC9050CE-C5BB-4013-B200-0942CE917E83}.Release|x64.Build.0 = Release|Any CPU
		{FC9050CE-C5BB-4013-B200-0942CE917E83}.Release|x86.ActiveCfg = Release|Any CPU
		{FC9050CE-C5BB-4013-B200-0942CE917E83}.Release|x86.Build.0 = Release|Any CPU
		{E995CE2A-4E6B-4598-A2F5-CB26E4C49B64}.Debug|Any CPU.ActiveCfg = Debug|Any CPU
		{E995CE2A-4E6B-4598-A2F5-CB26E4C49B64}.Debug|Any CPU.Build.0 = Debug|Any CPU
		{E995CE2A-4E6B-4598-A2F5-CB26E4C49B64}.Debug|x64.ActiveCfg = Debug|Any CPU
		{E995CE2A-4E6B-4598-A2F5-CB26E4C49B64}.Debug|x64.Build.0 = Debug|Any CPU
		{E995CE2A-4E6B-4598-A2F5-CB26E4C49B64}.Debug|x86.ActiveCfg = Debug|Any CPU
		{E995CE2A-4E6B-4598-A2F5-CB26E4C49B64}.Debug|x86.Build.0 = Debug|Any CPU
		{E995CE2A-4E6B-4598-A2F5-CB26E4C49B64}.Release|Any CPU.ActiveCfg = Release|Any CPU
		{E995CE2A-4E6B-4598-A2F5-CB26E4C49B64}.Release|Any CPU.Build.0 = Release|Any CPU
		{E995CE2A-4E6B-4598-A2F5-CB26E4C49B64}.Release|x64.ActiveCfg = Release|Any CPU
		{E995CE2A-4E6B-4598-A2F5-CB26E4C49B64}.Release|x64.Build.0 = Release|Any CPU
		{E995CE2A-4E6B-4598-A2F5-CB26E4C49B64}.Release|x86.ActiveCfg = Release|Any CPU
		{E995CE2A-4E6B-4598-A2F5-CB26E4C49B64}.Release|x86.Build.0 = Release|Any CPU
		{BE67C667-C916-4ABD-8D00-0C838F614DE7}.Debug|Any CPU.ActiveCfg = Debug|Any CPU
		{BE67C667-C916-4ABD-8D00-0C838F614DE7}.Debug|Any CPU.Build.0 = Debug|Any CPU
		{BE67C667-C916-4ABD-8D00-0C838F614DE7}.Debug|x64.ActiveCfg = Debug|Any CPU
		{BE67C667-C916-4ABD-8D00-0C838F614DE7}.Debug|x64.Build.0 = Debug|Any CPU
		{BE67C667-C916-4ABD-8D00-0C838F614DE7}.Debug|x86.ActiveCfg = Debug|Any CPU
		{BE67C667-C916-4ABD-8D00-0C838F614DE7}.Debug|x86.Build.0 = Debug|Any CPU
		{BE67C667-C916-4ABD-8D00-0C838F614DE7}.Release|Any CPU.ActiveCfg = Release|Any CPU
		{BE67C667-C916-4ABD-8D00-0C838F614DE7}.Release|Any CPU.Build.0 = Release|Any CPU
		{BE67C667-C916-4ABD-8D00-0C838F614DE7}.Release|x64.ActiveCfg = Release|Any CPU
		{BE67C667-C916-4ABD-8D00-0C838F614DE7}.Release|x64.Build.0 = Release|Any CPU
		{BE67C667-C916-4ABD-8D00-0C838F614DE7}.Release|x86.ActiveCfg = Release|Any CPU
		{BE67C667-C916-4ABD-8D00-0C838F614DE7}.Release|x86.Build.0 = Release|Any CPU
	EndGlobalSection
	GlobalSection(SolutionProperties) = preSolution
		HideSolutionNode = FALSE
	EndGlobalSection
	GlobalSection(NestedProjects) = preSolution
		{21FDFBDF-145C-4D6D-8284-F04EB1754880} = {879D5CB9-D332-E6B1-4604-5EE421A063E0}
		{B2C3D4E5-F6A7-B8C9-D0E1-F2A3B4C5D6E7} = {A1B2C3D4-E5F6-7890-ABCD-EF1234567890}
		{C3D4E5F6-A7B8-C9D0-E1F2-A3B4C5D6E7F8} = {A1B2C3D4-E5F6-7890-ABCD-EF1234567890}
		{D4E5F6A7-B8C9-D0E1-F2A3-B4C5D6E7F8A9} = {A1B2C3D4-E5F6-7890-ABCD-EF1234567890}
		{E5F6A7B8-C9D0-E1F2-A3B4-C5D6E7F8A9B0} = {A1B2C3D4-E5F6-7890-ABCD-EF1234567890}
		{F6A7B8C9-D0E1-F2A3-B4C5-D6E7F8A9B0C1} = {A1B2C3D4-E5F6-7890-ABCD-EF1234567890}
		{10D33A64-E071-488B-AE00-95E8EDA67C51} = {07C2787E-EAC7-C090-1BA3-A61EC2A24D84}
		{87D477EF-C3BC-4299-B61F-3D79ECAD993E} = {D4C4D1C2-DE9C-AF20-17FD-0A3EB2BFD436}
		{1B6D7F38-563B-436C-9E00-5EE94E0E6F4A} = {D4C4D1C2-DE9C-AF20-17FD-0A3EB2BFD436}
		{A76EAF9A-9B0E-4925-A794-2CF8D7538130} = {BE470905-41A0-9C20-7CED-F968B6B551E9}
		{5B243D1E-E62B-4BD3-A2E4-8C77F17F8B5E} = {6CE7513A-3D9F-5C79-287C-470F53A81C6E}
		{BB63C7F2-787E-40F0-A962-25DF58803026} = {E34191D6-EE5B-7B1D-025F-EDB47609777D}
		{9EC583F0-E220-476B-A7C4-BADAC282AEC9} = {E34191D6-EE5B-7B1D-025F-EDB47609777D}
		{FC9050CE-C5BB-4013-B200-0942CE917E83} = {D4C4D1C2-DE9C-AF20-17FD-0A3EB2BFD436}
		{E995CE2A-4E6B-4598-A2F5-CB26E4C49B64} = {D4C4D1C2-DE9C-AF20-17FD-0A3EB2BFD436}
		{BE67C667-C916-4ABD-8D00-0C838F614DE7} = {0AB3BF05-4346-4AA6-1389-037BE0695223}
	EndGlobalSection
EndGlobal
